
Microsoft Visual Studio Solution File, Format Version 12.00
# Visual Studio Version 17
VisualStudioVersion = 17.14.36408.4
MinimumVisualStudioVersion = 10.0.40219.1
Project("{2150E333-8FDC-42A3-9474-1A3956D46DE8}") = "FrontEnd", "FrontEnd", "{02EA681E-C7D8-13C7-8484-4AC65E1B71E8}"
EndProject
Project("{2150E333-8FDC-42A3-9474-1A3956D46DE8}") = "Services", "Services", "{28D1ED40-81BE-413A-A773-08E34D16E878}"
EndProject
Project("{FAE04EC0-301F-11D3-BF4B-00C04F79EFBC}") = "GeekShopping.Web", "GeekShopping.Web\GeekShopping.Web.csproj", "{09D10DF9-3D42-4AB0-8546-6B63FD097A1C}"
EndProject
Project("{FAE04EC0-301F-11D3-BF4B-00C04F79EFBC}") = "GeekShopping.ProductAPI", "GeekShopping.ProductAPI\GeekShopping.ProductAPI.csproj", "{48C4B4E8-7018-4E51-92D6-9340680FB978}"
EndProject
Project("{FAE04EC0-301F-11D3-BF4B-00C04F79EFBC}") = "GeekShopping.IdentityServer", "GeekShopping.IdentityServer\GeekShopping.IdentityServer.csproj", "{CD4B6CC0-DEFF-468E-877C-3D572614A059}"
EndProject
Project("{FAE04EC0-301F-11D3-BF4B-00C04F79EFBC}") = "GeekShopping.CartAPI", "GeekShopping.CartAPI\GeekShopping.CartAPI.csproj", "{B2CF6655-58CB-46F4-ADD0-5EC8C7A7BE1B}"
EndProject
Project("{FAE04EC0-301F-11D3-BF4B-00C04F79EFBC}") = "GeekShopping.CouponAPI", "GeekShopping.CouponAPI\GeekShopping.CouponAPI.csproj", "{A1717231-4345-4586-AA3A-20B57349BFA8}"
EndProject
Project("{2150E333-8FDC-42A3-9474-1A3956D46DE8}") = "Integration", "Integration", "{7DEDC398-98FF-4D4F-929F-907375E4A726}"
EndProject
Project("{FAE04EC0-301F-11D3-BF4B-00C04F79EFBC}") = "GeekShopping.MessageBus", "GeekShopping.MessageBus\GeekShopping.MessageBus.csproj", "{DC3C1C88-D3F3-4FA1-911C-1139FE068F4F}"
EndProject
Project("{FAE04EC0-301F-11D3-BF4B-00C04F79EFBC}") = "GeekShopping.OrderAPI", "GeekShopping.OrderAPI\GeekShopping.OrderAPI.csproj", "{FD42D18A-B0C8-4657-9AD6-9E98D4EFC19B}"
EndProject
Project("{2150E333-8FDC-42A3-9474-1A3956D46DE8}") = "Payments", "Payments", "{1C934B96-4FEB-401E-94A4-1AF07B515885}"
EndProject
Project("{FAE04EC0-301F-11D3-BF4B-00C04F79EFBC}") = "GeekShopping.PaymentProcessor", "GeekShopping.PaymentProcessor\GeekShopping.PaymentProcessor.csproj", "{086F8D40-2132-45C9-9D2F-76F4D8732605}"
EndProject
Global
	GlobalSection(SolutionConfigurationPlatforms) = preSolution
		Debug|Any CPU = Debug|Any CPU
		Release|Any CPU = Release|Any CPU
	EndGlobalSection
	GlobalSection(ProjectConfigurationPlatforms) = postSolution
		{09D10DF9-3D42-4AB0-8546-6B63FD097A1C}.Debug|Any CPU.ActiveCfg = Debug|Any CPU
		{09D10DF9-3D42-4AB0-8546-6B63FD097A1C}.Debug|Any CPU.Build.0 = Debug|Any CPU
		{09D10DF9-3D42-4AB0-8546-6B63FD097A1C}.Release|Any CPU.ActiveCfg = Release|Any CPU
		{09D10DF9-3D42-4AB0-8546-6B63FD097A1C}.Release|Any CPU.Build.0 = Release|Any CPU
		{48C4B4E8-7018-4E51-92D6-9340680FB978}.Debug|Any CPU.ActiveCfg = Debug|Any CPU
		{48C4B4E8-7018-4E51-92D6-9340680FB978}.Debug|Any CPU.Build.0 = Debug|Any CPU
		{48C4B4E8-7018-4E51-92D6-9340680FB978}.Release|Any CPU.ActiveCfg = Release|Any CPU
		{48C4B4E8-7018-4E51-92D6-9340680FB978}.Release|Any CPU.Build.0 = Release|Any CPU
		{CD4B6CC0-DEFF-468E-877C-3D572614A059}.Debug|Any CPU.ActiveCfg = Debug|Any CPU
		{CD4B6CC0-DEFF-468E-877C-3D572614A059}.Debug|Any CPU.Build.0 = Debug|Any CPU
		{CD4B6CC0-DEFF-468E-877C-3D572614A059}.Release|Any CPU.ActiveCfg = Release|Any CPU
		{CD4B6CC0-DEFF-468E-877C-3D572614A059}.Release|Any CPU.Build.0 = Release|Any CPU
		{B2CF6655-58CB-46F4-ADD0-5EC8C7A7BE1B}.Debug|Any CPU.ActiveCfg = Debug|Any CPU
		{B2CF6655-58CB-46F4-ADD0-5EC8C7A7BE1B}.Debug|Any CPU.Build.0 = Debug|Any CPU
		{B2CF6655-58CB-46F4-ADD0-5EC8C7A7BE1B}.Release|Any CPU.ActiveCfg = Release|Any CPU
		{B2CF6655-58CB-46F4-ADD0-5EC8C7A7BE1B}.Release|Any CPU.Build.0 = Release|Any CPU
		{A1717231-4345-4586-AA3A-20B57349BFA8}.Debug|Any CPU.ActiveCfg = Debug|Any CPU
		{A1717231-4345-4586-AA3A-20B57349BFA8}.Debug|Any CPU.Build.0 = Debug|Any CPU
		{A1717231-4345-4586-AA3A-20B57349BFA8}.Release|Any CPU.ActiveCfg = Release|Any CPU
		{A1717231-4345-4586-AA3A-20B57349BFA8}.Release|Any CPU.Build.0 = Release|Any CPU
		{DC3C1C88-D3F3-4FA1-911C-1139FE068F4F}.Debug|Any CPU.ActiveCfg = Debug|Any CPU
		{DC3C1C88-D3F3-4FA1-911C-1139FE068F4F}.Debug|Any CPU.Build.0 = Debug|Any CPU
		{DC3C1C88-D3F3-4FA1-911C-1139FE068F4F}.Release|Any CPU.ActiveCfg = Release|Any CPU
		{DC3C1C88-D3F3-4FA1-911C-1139FE068F4F}.Release|Any CPU.Build.0 = Release|Any CPU
		{FD42D18A-B0C8-4657-9AD6-9E98D4EFC19B}.Debug|Any CPU.ActiveCfg = Debug|Any CPU
		{FD42D18A-B0C8-4657-9AD6-9E98D4EFC19B}.Debug|Any CPU.Build.0 = Debug|Any CPU
		{FD42D18A-B0C8-4657-9AD6-9E98D4EFC19B}.Release|Any CPU.ActiveCfg = Release|Any CPU
		{FD42D18A-B0C8-4657-9AD6-9E98D4EFC19B}.Release|Any CPU.Build.0 = Release|Any CPU
		{086F8D40-2132-45C9-9D2F-76F4D8732605}.Debug|Any CPU.ActiveCfg = Debug|Any CPU
		{086F8D40-2132-45C9-9D2F-76F4D8732605}.Debug|Any CPU.Build.0 = Debug|Any CPU
		{086F8D40-2132-45C9-9D2F-76F4D8732605}.Release|Any CPU.ActiveCfg = Release|Any CPU
		{086F8D40-2132-45C9-9D2F-76F4D8732605}.Release|Any CPU.Build.0 = Release|Any CPU
	EndGlobalSection
	GlobalSection(SolutionProperties) = preSolution
		HideSolutionNode = FALSE
	EndGlobalSection
	GlobalSection(NestedProjects) = preSolution
		{09D10DF9-3D42-4AB0-8546-6B63FD097A1C} = {02EA681E-C7D8-13C7-8484-4AC65E1B71E8}
		{48C4B4E8-7018-4E51-92D6-9340680FB978} = {28D1ED40-81BE-413A-A773-08E34D16E878}
		{CD4B6CC0-DEFF-468E-877C-3D572614A059} = {28D1ED40-81BE-413A-A773-08E34D16E878}
		{B2CF6655-58CB-46F4-ADD0-5EC8C7A7BE1B} = {28D1ED40-81BE-413A-A773-08E34D16E878}
		{A1717231-4345-4586-AA3A-20B57349BFA8} = {28D1ED40-81BE-413A-A773-08E34D16E878}
		{DC3C1C88-D3F3-4FA1-911C-1139FE068F4F} = {7DEDC398-98FF-4D4F-929F-907375E4A726}
		{FD42D18A-B0C8-4657-9AD6-9E98D4EFC19B} = {28D1ED40-81BE-413A-A773-08E34D16E878}
		{086F8D40-2132-45C9-9D2F-76F4D8732605} = {1C934B96-4FEB-401E-94A4-1AF07B515885}
	EndGlobalSection
	GlobalSection(ExtensibilityGlobals) = postSolution
		SolutionGuid = {60FADA0C-117A-4F15-96FC-BC4AEE9757D3}
	EndGlobalSection
EndGlobal
